
Microsoft Visual Studio Solution File, Format Version 12.00
# Visual Studio Version 17
VisualStudioVersion = 17.8.34330.188
MinimumVisualStudioVersion = 10.0.40219.1
Project("{FAE04EC0-301F-11D3-BF4B-00C04F79EFBC}") = "FindingWordGame", "FindingWordGame\FindingWordGame.csproj", "{2390C159-0ECF-46AA-B9A4-5FC4569E2A4F}"
EndProject
Global
	GlobalSection(SolutionConfigurationPlatforms) = preSolution
		Debug|Any CPU = Debug|Any CPU
		Release|Any CPU = Release|Any CPU
	EndGlobalSection
	GlobalSection(ProjectConfigurationPlatforms) = postSolution
		{2390C159-0ECF-46AA-B9A4-5FC4569E2A4F}.Debug|Any CPU.ActiveCfg = Debug|Any CPU
		{2390C159-0ECF-46AA-B9A4-5FC4569E2A4F}.Debug|Any CPU.Build.0 = Debug|Any CPU
		{2390C159-0ECF-46AA-B9A4-5FC4569E2A4F}.Release|Any CPU.ActiveCfg = Release|Any CPU
		{2390C159-0ECF-46AA-B9A4-5FC4569E2A4F}.Release|Any CPU.Build.0 = Release|Any CPU
	EndGlobalSection
	GlobalSection(SolutionProperties) = preSolution
		HideSolutionNode = FALSE
	EndGlobalSection
	GlobalSection(ExtensibilityGlobals) = postSolution
		SolutionGuid = {A58B242D-44D7-4588-A6CE-2B8D869A432B}
	EndGlobalSection
EndGlobal
